// !$*UTF8*$!
{
	archiveVersion = 1;
	classes = {
	};
	objectVersion = 56;
	objects = {

/* Begin PBXBuildFile section */
		6791BED02B9B9373003AC7E2 /* Threads_CloneApp.swift in Sources */ = {isa = PBXBuildFile; fileRef = 6791BECF2B9B9373003AC7E2 /* Threads_CloneApp.swift */; };
		6791BED22B9B9373003AC7E2 /* ContentView.swift in Sources */ = {isa = PBXBuildFile; fileRef = 6791BED12B9B9373003AC7E2 /* ContentView.swift */; };
		6791BED42B9B9374003AC7E2 /* Assets.xcassets in Resources */ = {isa = PBXBuildFile; fileRef = 6791BED32B9B9374003AC7E2 /* Assets.xcassets */; };
		6791BED72B9B9374003AC7E2 /* Preview Assets.xcassets in Resources */ = {isa = PBXBuildFile; fileRef = 6791BED62B9B9374003AC7E2 /* Preview Assets.xcassets */; };
		6791BEE82B9B9420003AC7E2 /* LoginView.swift in Sources */ = {isa = PBXBuildFile; fileRef = 6791BEE72B9B9420003AC7E2 /* LoginView.swift */; };
		6791BEEA2B9C4974003AC7E2 /* RegistrationView.swift in Sources */ = {isa = PBXBuildFile; fileRef = 6791BEE92B9C4974003AC7E2 /* RegistrationView.swift */; };
		6791BEED2B9C4CED003AC7E2 /* ThreadsTextFieldModifier.swift in Sources */ = {isa = PBXBuildFile; fileRef = 6791BEEC2B9C4CED003AC7E2 /* ThreadsTextFieldModifier.swift */; };
		6791BEEF2B9C4DED003AC7E2 /* ThreadsButtonModifier.swift in Sources */ = {isa = PBXBuildFile; fileRef = 6791BEEE2B9C4DED003AC7E2 /* ThreadsButtonModifier.swift */; };
		6791BEF22B9C5221003AC7E2 /* ThreadsTabView.swift in Sources */ = {isa = PBXBuildFile; fileRef = 6791BEF12B9C5221003AC7E2 /* ThreadsTabView.swift */; };
		6791BEF52B9C53A9003AC7E2 /* FeedView.swift in Sources */ = {isa = PBXBuildFile; fileRef = 6791BEF42B9C53A9003AC7E2 /* FeedView.swift */; };
		6791BEF82B9C53C2003AC7E2 /* CreateThreadView.swift in Sources */ = {isa = PBXBuildFile; fileRef = 6791BEF72B9C53C2003AC7E2 /* CreateThreadView.swift */; };
		6791BEFB2B9C53D3003AC7E2 /* ExploreView.swift in Sources */ = {isa = PBXBuildFile; fileRef = 6791BEFA2B9C53D3003AC7E2 /* ExploreView.swift */; };
		6791BEFE2B9C53E5003AC7E2 /* ActivityView.swift in Sources */ = {isa = PBXBuildFile; fileRef = 6791BEFD2B9C53E5003AC7E2 /* ActivityView.swift */; };
		6791BF012B9C5409003AC7E2 /* ProfileView.swift in Sources */ = {isa = PBXBuildFile; fileRef = 6791BF002B9C5409003AC7E2 /* ProfileView.swift */; };
		6791BF032B9C557D003AC7E2 /* FeedCell.swift in Sources */ = {isa = PBXBuildFile; fileRef = 6791BF022B9C557D003AC7E2 /* FeedCell.swift */; };
		6791BF062B9C75C5003AC7E2 /* UserCell.swift in Sources */ = {isa = PBXBuildFile; fileRef = 6791BF052B9C75C5003AC7E2 /* UserCell.swift */; };
		6791BF082B9C7752003AC7E2 /* CircularProfileImageView.swift in Sources */ = {isa = PBXBuildFile; fileRef = 6791BF072B9C7752003AC7E2 /* CircularProfileImageView.swift */; };
		6791BF0A2B9C7882003AC7E2 /* ProfileThreadFilter.swift in Sources */ = {isa = PBXBuildFile; fileRef = 6791BF092B9C7882003AC7E2 /* ProfileThreadFilter.swift */; };
		6791BF0E2B9C8060003AC7E2 /* EditProfileView.swift in Sources */ = {isa = PBXBuildFile; fileRef = 6791BF0D2B9C8060003AC7E2 /* EditProfileView.swift */; };
		6791BF102B9C8D09003AC7E2 /* GoogleService-Info.plist in Resources */ = {isa = PBXBuildFile; fileRef = 6791BF0F2B9C8D09003AC7E2 /* GoogleService-Info.plist */; };
		6791BF1D2B9C8E64003AC7E2 /* FirebaseAppCheck in Frameworks */ = {isa = PBXBuildFile; productRef = 6791BF1C2B9C8E64003AC7E2 /* FirebaseAppCheck */; };
		6791BF212B9C8E64003AC7E2 /* FirebaseAuth in Frameworks */ = {isa = PBXBuildFile; productRef = 6791BF202B9C8E64003AC7E2 /* FirebaseAuth */; };
		6791BF272B9C8E64003AC7E2 /* FirebaseDatabase in Frameworks */ = {isa = PBXBuildFile; productRef = 6791BF262B9C8E64003AC7E2 /* FirebaseDatabase */; };
		6791BF292B9C8E64003AC7E2 /* FirebaseDatabaseSwift in Frameworks */ = {isa = PBXBuildFile; productRef = 6791BF282B9C8E64003AC7E2 /* FirebaseDatabaseSwift */; };
		6791BF2D2B9C8E64003AC7E2 /* FirebaseFirestore in Frameworks */ = {isa = PBXBuildFile; productRef = 6791BF2C2B9C8E64003AC7E2 /* FirebaseFirestore */; };
		6791BF2F2B9C8E64003AC7E2 /* FirebaseFirestoreSwift in Frameworks */ = {isa = PBXBuildFile; productRef = 6791BF2E2B9C8E64003AC7E2 /* FirebaseFirestoreSwift */; };
		6791BF312B9C8E64003AC7E2 /* FirebaseFunctions in Frameworks */ = {isa = PBXBuildFile; productRef = 6791BF302B9C8E64003AC7E2 /* FirebaseFunctions */; };
		6791BF452B9C8E64003AC7E2 /* FirebaseStorage in Frameworks */ = {isa = PBXBuildFile; productRef = 6791BF442B9C8E64003AC7E2 /* FirebaseStorage */; };
		6791BF4A2B9CC407003AC7E2 /* RegistrationViewModel.swift in Sources */ = {isa = PBXBuildFile; fileRef = 6791BF492B9CC407003AC7E2 /* RegistrationViewModel.swift */; };
		6791BF4D2B9CC4EE003AC7E2 /* AuthService.swift in Sources */ = {isa = PBXBuildFile; fileRef = 6791BF4C2B9CC4EE003AC7E2 /* AuthService.swift */; };
		6791BF512B9DAE48003AC7E2 /* ContentViewModel.swift in Sources */ = {isa = PBXBuildFile; fileRef = 6791BF502B9DAE48003AC7E2 /* ContentViewModel.swift */; };
		6791BF532B9DE079003AC7E2 /* LoginViewModel.swift in Sources */ = {isa = PBXBuildFile; fileRef = 6791BF522B9DE079003AC7E2 /* LoginViewModel.swift */; };
		6791BF552B9DE716003AC7E2 /* User.swift in Sources */ = {isa = PBXBuildFile; fileRef = 6791BF542B9DE716003AC7E2 /* User.swift */; };
		6791BF572B9DEBD1003AC7E2 /* UserService.swift in Sources */ = {isa = PBXBuildFile; fileRef = 6791BF562B9DEBD1003AC7E2 /* UserService.swift */; };
		6791BF5A2B9DED53003AC7E2 /* ProfileViewModel.swift in Sources */ = {isa = PBXBuildFile; fileRef = 6791BF592B9DED53003AC7E2 /* ProfileViewModel.swift */; };
/* End PBXBuildFile section */

/* Begin PBXFileReference section */
		6791BECC2B9B9373003AC7E2 /* Threads_Clone.app */ = {isa = PBXFileReference; explicitFileType = wrapper.application; includeInIndex = 0; path = Threads_Clone.app; sourceTree = BUILT_PRODUCTS_DIR; };
		6791BECF2B9B9373003AC7E2 /* Threads_CloneApp.swift */ = {isa = PBXFileReference; lastKnownFileType = sourcecode.swift; path = Threads_CloneApp.swift; sourceTree = "<group>"; };
		6791BED12B9B9373003AC7E2 /* ContentView.swift */ = {isa = PBXFileReference; lastKnownFileType = sourcecode.swift; path = ContentView.swift; sourceTree = "<group>"; };
		6791BED32B9B9374003AC7E2 /* Assets.xcassets */ = {isa = PBXFileReference; lastKnownFileType = folder.assetcatalog; path = Assets.xcassets; sourceTree = "<group>"; };
		6791BED62B9B9374003AC7E2 /* Preview Assets.xcassets */ = {isa = PBXFileReference; lastKnownFileType = folder.assetcatalog; path = "Preview Assets.xcassets"; sourceTree = "<group>"; };
		6791BEE72B9B9420003AC7E2 /* LoginView.swift */ = {isa = PBXFileReference; lastKnownFileType = sourcecode.swift; path = LoginView.swift; sourceTree = "<group>"; };
		6791BEE92B9C4974003AC7E2 /* RegistrationView.swift */ = {isa = PBXFileReference; lastKnownFileType = sourcecode.swift; path = RegistrationView.swift; sourceTree = "<group>"; };
		6791BEEC2B9C4CED003AC7E2 /* ThreadsTextFieldModifier.swift */ = {isa = PBXFileReference; lastKnownFileType = sourcecode.swift; path = ThreadsTextFieldModifier.swift; sourceTree = "<group>"; };
		6791BEEE2B9C4DED003AC7E2 /* ThreadsButtonModifier.swift */ = {isa = PBXFileReference; lastKnownFileType = sourcecode.swift; path = ThreadsButtonModifier.swift; sourceTree = "<group>"; };
		6791BEF12B9C5221003AC7E2 /* ThreadsTabView.swift */ = {isa = PBXFileReference; lastKnownFileType = sourcecode.swift; path = ThreadsTabView.swift; sourceTree = "<group>"; };
		6791BEF42B9C53A9003AC7E2 /* FeedView.swift */ = {isa = PBXFileReference; lastKnownFileType = sourcecode.swift; path = FeedView.swift; sourceTree = "<group>"; };
		6791BEF72B9C53C2003AC7E2 /* CreateThreadView.swift */ = {isa = PBXFileReference; lastKnownFileType = sourcecode.swift; path = CreateThreadView.swift; sourceTree = "<group>"; };
		6791BEFA2B9C53D3003AC7E2 /* ExploreView.swift */ = {isa = PBXFileReference; lastKnownFileType = sourcecode.swift; path = ExploreView.swift; sourceTree = "<group>"; };
		6791BEFD2B9C53E5003AC7E2 /* ActivityView.swift */ = {isa = PBXFileReference; lastKnownFileType = sourcecode.swift; path = ActivityView.swift; sourceTree = "<group>"; };
		6791BF002B9C5409003AC7E2 /* ProfileView.swift */ = {isa = PBXFileReference; lastKnownFileType = sourcecode.swift; path = ProfileView.swift; sourceTree = "<group>"; };
		6791BF022B9C557D003AC7E2 /* FeedCell.swift */ = {isa = PBXFileReference; lastKnownFileType = sourcecode.swift; path = FeedCell.swift; sourceTree = "<group>"; };
		6791BF052B9C75C5003AC7E2 /* UserCell.swift */ = {isa = PBXFileReference; lastKnownFileType = sourcecode.swift; path = UserCell.swift; sourceTree = "<group>"; };
		6791BF072B9C7752003AC7E2 /* CircularProfileImageView.swift */ = {isa = PBXFileReference; lastKnownFileType = sourcecode.swift; path = CircularProfileImageView.swift; sourceTree = "<group>"; };
		6791BF092B9C7882003AC7E2 /* ProfileThreadFilter.swift */ = {isa = PBXFileReference; lastKnownFileType = sourcecode.swift; path = ProfileThreadFilter.swift; sourceTree = "<group>"; };
		6791BF0D2B9C8060003AC7E2 /* EditProfileView.swift */ = {isa = PBXFileReference; lastKnownFileType = sourcecode.swift; path = EditProfileView.swift; sourceTree = "<group>"; };
		6791BF0F2B9C8D09003AC7E2 /* GoogleService-Info.plist */ = {isa = PBXFileReference; fileEncoding = 4; lastKnownFileType = text.plist.xml; path = "GoogleService-Info.plist"; sourceTree = "<group>"; };
		6791BF492B9CC407003AC7E2 /* RegistrationViewModel.swift */ = {isa = PBXFileReference; lastKnownFileType = sourcecode.swift; path = RegistrationViewModel.swift; sourceTree = "<group>"; };
		6791BF4C2B9CC4EE003AC7E2 /* AuthService.swift */ = {isa = PBXFileReference; lastKnownFileType = sourcecode.swift; path = AuthService.swift; sourceTree = "<group>"; };
		6791BF502B9DAE48003AC7E2 /* ContentViewModel.swift */ = {isa = PBXFileReference; lastKnownFileType = sourcecode.swift; path = ContentViewModel.swift; sourceTree = "<group>"; };
		6791BF522B9DE079003AC7E2 /* LoginViewModel.swift */ = {isa = PBXFileReference; lastKnownFileType = sourcecode.swift; path = LoginViewModel.swift; sourceTree = "<group>"; };
		6791BF542B9DE716003AC7E2 /* User.swift */ = {isa = PBXFileReference; lastKnownFileType = sourcecode.swift; path = User.swift; sourceTree = "<group>"; };
		6791BF562B9DEBD1003AC7E2 /* UserService.swift */ = {isa = PBXFileReference; lastKnownFileType = sourcecode.swift; path = UserService.swift; sourceTree = "<group>"; };
		6791BF592B9DED53003AC7E2 /* ProfileViewModel.swift */ = {isa = PBXFileReference; lastKnownFileType = sourcecode.swift; path = ProfileViewModel.swift; sourceTree = "<group>"; };
/* End PBXFileReference section */

/* Begin PBXFrameworksBuildPhase section */
		6791BEC92B9B9373003AC7E2 /* Frameworks */ = {
			isa = PBXFrameworksBuildPhase;
			buildActionMask = 2147483647;
			files = (
				6791BF272B9C8E64003AC7E2 /* FirebaseDatabase in Frameworks */,
				6791BF2D2B9C8E64003AC7E2 /* FirebaseFirestore in Frameworks */,
				6791BF452B9C8E64003AC7E2 /* FirebaseStorage in Frameworks */,
				6791BF2F2B9C8E64003AC7E2 /* FirebaseFirestoreSwift in Frameworks */,
				6791BF1D2B9C8E64003AC7E2 /* FirebaseAppCheck in Frameworks */,
				6791BF212B9C8E64003AC7E2 /* FirebaseAuth in Frameworks */,
				6791BF292B9C8E64003AC7E2 /* FirebaseDatabaseSwift in Frameworks */,
				6791BF312B9C8E64003AC7E2 /* FirebaseFunctions in Frameworks */,
			);
			runOnlyForDeploymentPostprocessing = 0;
		};
/* End PBXFrameworksBuildPhase section */

/* Begin PBXGroup section */
		6791BEC32B9B9373003AC7E2 = {
			isa = PBXGroup;
			children = (
				6791BECE2B9B9373003AC7E2 /* Threads_Clone */,
				6791BECD2B9B9373003AC7E2 /* Products */,
			);
			sourceTree = "<group>";
		};
		6791BECD2B9B9373003AC7E2 /* Products */ = {
			isa = PBXGroup;
			children = (
				6791BECC2B9B9373003AC7E2 /* Threads_Clone.app */,
			);
			name = Products;
			sourceTree = "<group>";
		};
		6791BECE2B9B9373003AC7E2 /* Threads_Clone */ = {
			isa = PBXGroup;
			children = (
				6791BEDE2B9B93AF003AC7E2 /* App */,
				6791BEDF2B9B93B7003AC7E2 /* Core */,
				6791BEE12B9B93C7003AC7E2 /* Extensions */,
				6791BEE02B9B93BE003AC7E2 /* Model */,
				6791BEE32B9B93D7003AC7E2 /* Services */,
				6791BEE22B9B93CE003AC7E2 /* Utils */,
				6791BED32B9B9374003AC7E2 /* Assets.xcassets */,
				6791BED52B9B9374003AC7E2 /* Preview Content */,
			);
			path = Threads_Clone;
			sourceTree = "<group>";
		};
		6791BED52B9B9374003AC7E2 /* Preview Content */ = {
			isa = PBXGroup;
			children = (
				6791BF0F2B9C8D09003AC7E2 /* GoogleService-Info.plist */,
				6791BED62B9B9374003AC7E2 /* Preview Assets.xcassets */,
			);
			path = "Preview Content";
			sourceTree = "<group>";
		};
		6791BEDE2B9B93AF003AC7E2 /* App */ = {
			isa = PBXGroup;
			children = (
				6791BECF2B9B9373003AC7E2 /* Threads_CloneApp.swift */,
			);
			path = App;
			sourceTree = "<group>";
		};
		6791BEDF2B9B93B7003AC7E2 /* Core */ = {
			isa = PBXGroup;
			children = (
				6791BF042B9C75B9003AC7E2 /* Components */,
				6791BEFC2B9C53D7003AC7E2 /* Activity */,
				6791BEE42B9B93F3003AC7E2 /* Authentication */,
				6791BEF92B9C53C6003AC7E2 /* Explore */,
				6791BEF32B9C5370003AC7E2 /* Feed */,
				6791BEFF2B9C53FB003AC7E2 /* Profile */,
				6791BEE52B9B93FA003AC7E2 /* Root */,
				6791BEF02B9C51CB003AC7E2 /* TabBar */,
				6791BEF62B9C53AD003AC7E2 /* ThreadCreation */,
			);
			path = Core;
			sourceTree = "<group>";
		};
		6791BEE02B9B93BE003AC7E2 /* Model */ = {
			isa = PBXGroup;
			children = (
				6791BF092B9C7882003AC7E2 /* ProfileThreadFilter.swift */,
				6791BF542B9DE716003AC7E2 /* User.swift */,
			);
			path = Model;
			sourceTree = "<group>";
		};
		6791BEE12B9B93C7003AC7E2 /* Extensions */ = {
			isa = PBXGroup;
			children = (
			);
			path = Extensions;
			sourceTree = "<group>";
		};
		6791BEE22B9B93CE003AC7E2 /* Utils */ = {
			isa = PBXGroup;
			children = (
				6791BEEB2B9C4CD4003AC7E2 /* ViewModifiers */,
			);
			path = Utils;
			sourceTree = "<group>";
		};
		6791BEE32B9B93D7003AC7E2 /* Services */ = {
			isa = PBXGroup;
			children = (
				6791BF562B9DEBD1003AC7E2 /* UserService.swift */,
			);
			path = Services;
			sourceTree = "<group>";
		};
		6791BEE42B9B93F3003AC7E2 /* Authentication */ = {
			isa = PBXGroup;
			children = (
				6791BF4B2B9CC4DD003AC7E2 /* Service */,
				6791BF482B9CC3F3003AC7E2 /* ViewModel */,
				6791BEE62B9B9411003AC7E2 /* Views */,
			);
			path = Authentication;
			sourceTree = "<group>";
		};
		6791BEE52B9B93FA003AC7E2 /* Root */ = {
			isa = PBXGroup;
			children = (
				6791BF4F2B9DAE2D003AC7E2 /* ViewModel */,
				6791BF4E2B9DAE27003AC7E2 /* View */,
			);
			path = Root;
			sourceTree = "<group>";
		};
		6791BEE62B9B9411003AC7E2 /* Views */ = {
			isa = PBXGroup;
			children = (
				6791BEE72B9B9420003AC7E2 /* LoginView.swift */,
				6791BEE92B9C4974003AC7E2 /* RegistrationView.swift */,
			);
			path = Views;
			sourceTree = "<group>";
		};
		6791BEEB2B9C4CD4003AC7E2 /* ViewModifiers */ = {
			isa = PBXGroup;
			children = (
				6791BEEC2B9C4CED003AC7E2 /* ThreadsTextFieldModifier.swift */,
				6791BEEE2B9C4DED003AC7E2 /* ThreadsButtonModifier.swift */,
			);
			path = ViewModifiers;
			sourceTree = "<group>";
		};
		6791BEF02B9C51CB003AC7E2 /* TabBar */ = {
			isa = PBXGroup;
			children = (
				6791BEF12B9C5221003AC7E2 /* ThreadsTabView.swift */,
			);
			path = TabBar;
			sourceTree = "<group>";
		};
		6791BEF32B9C5370003AC7E2 /* Feed */ = {
			isa = PBXGroup;
			children = (
				6791BEF42B9C53A9003AC7E2 /* FeedView.swift */,
				6791BF022B9C557D003AC7E2 /* FeedCell.swift */,
			);
			path = Feed;
			sourceTree = "<group>";
		};
		6791BEF62B9C53AD003AC7E2 /* ThreadCreation */ = {
			isa = PBXGroup;
			children = (
				6791BEF72B9C53C2003AC7E2 /* CreateThreadView.swift */,
			);
			path = ThreadCreation;
			sourceTree = "<group>";
		};
		6791BEF92B9C53C6003AC7E2 /* Explore */ = {
			isa = PBXGroup;
			children = (
				6791BEFA2B9C53D3003AC7E2 /* ExploreView.swift */,
			);
			path = Explore;
			sourceTree = "<group>";
		};
		6791BEFC2B9C53D7003AC7E2 /* Activity */ = {
			isa = PBXGroup;
			children = (
				6791BEFD2B9C53E5003AC7E2 /* ActivityView.swift */,
			);
			path = Activity;
			sourceTree = "<group>";
		};
		6791BEFF2B9C53FB003AC7E2 /* Profile */ = {
			isa = PBXGroup;
			children = (
				6791BF582B9DED47003AC7E2 /* ViewModel */,
				6791BF0C2B9C8051003AC7E2 /* EditProfile */,
				6791BF0B2B9C8045003AC7E2 /* View */,
			);
			path = Profile;
			sourceTree = "<group>";
		};
		6791BF042B9C75B9003AC7E2 /* Components */ = {
			isa = PBXGroup;
			children = (
				6791BF052B9C75C5003AC7E2 /* UserCell.swift */,
				6791BF072B9C7752003AC7E2 /* CircularProfileImageView.swift */,
			);
			path = Components;
			sourceTree = "<group>";
		};
		6791BF0B2B9C8045003AC7E2 /* View */ = {
			isa = PBXGroup;
			children = (
				6791BF002B9C5409003AC7E2 /* ProfileView.swift */,
			);
			path = View;
			sourceTree = "<group>";
		};
		6791BF0C2B9C8051003AC7E2 /* EditProfile */ = {
			isa = PBXGroup;
			children = (
				6791BF0D2B9C8060003AC7E2 /* EditProfileView.swift */,
			);
			path = EditProfile;
			sourceTree = "<group>";
		};
		6791BF482B9CC3F3003AC7E2 /* ViewModel */ = {
			isa = PBXGroup;
			children = (
				6791BF492B9CC407003AC7E2 /* RegistrationViewModel.swift */,
				6791BF522B9DE079003AC7E2 /* LoginViewModel.swift */,
			);
			path = ViewModel;
			sourceTree = "<group>";
		};
		6791BF4B2B9CC4DD003AC7E2 /* Service */ = {
			isa = PBXGroup;
			children = (
				6791BF4C2B9CC4EE003AC7E2 /* AuthService.swift */,
			);
			path = Service;
			sourceTree = "<group>";
		};
		6791BF4E2B9DAE27003AC7E2 /* View */ = {
			isa = PBXGroup;
			children = (
				6791BED12B9B9373003AC7E2 /* ContentView.swift */,
			);
			path = View;
			sourceTree = "<group>";
		};
		6791BF4F2B9DAE2D003AC7E2 /* ViewModel */ = {
			isa = PBXGroup;
			children = (
				6791BF502B9DAE48003AC7E2 /* ContentViewModel.swift */,
			);
			path = ViewModel;
			sourceTree = "<group>";
		};
		6791BF582B9DED47003AC7E2 /* ViewModel */ = {
			isa = PBXGroup;
			children = (
				6791BF592B9DED53003AC7E2 /* ProfileViewModel.swift */,
			);
			path = ViewModel;
			sourceTree = "<group>";
		};
/* End PBXGroup section */

/* Begin PBXNativeTarget section */
		6791BECB2B9B9373003AC7E2 /* Threads_Clone */ = {
			isa = PBXNativeTarget;
			buildConfigurationList = 6791BEDA2B9B9374003AC7E2 /* Build configuration list for PBXNativeTarget "Threads_Clone" */;
			buildPhases = (
				6791BEC82B9B9373003AC7E2 /* Sources */,
				6791BEC92B9B9373003AC7E2 /* Frameworks */,
				6791BECA2B9B9373003AC7E2 /* Resources */,
			);
			buildRules = (
			);
			dependencies = (
			);
			name = Threads_Clone;
			packageProductDependencies = (
				6791BF1C2B9C8E64003AC7E2 /* FirebaseAppCheck */,
				6791BF202B9C8E64003AC7E2 /* FirebaseAuth */,
				6791BF262B9C8E64003AC7E2 /* FirebaseDatabase */,
				6791BF282B9C8E64003AC7E2 /* FirebaseDatabaseSwift */,
				6791BF2C2B9C8E64003AC7E2 /* FirebaseFirestore */,
				6791BF2E2B9C8E64003AC7E2 /* FirebaseFirestoreSwift */,
				6791BF302B9C8E64003AC7E2 /* FirebaseFunctions */,
				6791BF442B9C8E64003AC7E2 /* FirebaseStorage */,
			);
			productName = Threads_Clone;
			productReference = 6791BECC2B9B9373003AC7E2 /* Threads_Clone.app */;
			productType = "com.apple.product-type.application";
		};
/* End PBXNativeTarget section */

/* Begin PBXProject section */
		6791BEC42B9B9373003AC7E2 /* Project object */ = {
			isa = PBXProject;
			attributes = {
				BuildIndependentTargetsInParallel = 1;
				LastSwiftUpdateCheck = 1510;
				LastUpgradeCheck = 1510;
				TargetAttributes = {
					6791BECB2B9B9373003AC7E2 = {
						CreatedOnToolsVersion = 15.1;
					};
				};
			};
			buildConfigurationList = 6791BEC72B9B9373003AC7E2 /* Build configuration list for PBXProject "Threads_Clone" */;
			compatibilityVersion = "Xcode 14.0";
			developmentRegion = en;
			hasScannedForEncodings = 0;
			knownRegions = (
				en,
				Base,
			);
			mainGroup = 6791BEC32B9B9373003AC7E2;
			packageReferences = (
				6791BF132B9C8E64003AC7E2 /* XCRemoteSwiftPackageReference "firebase-ios-sdk" */,
			);
			productRefGroup = 6791BECD2B9B9373003AC7E2 /* Products */;
			projectDirPath = "";
			projectRoot = "";
			targets = (
				6791BECB2B9B9373003AC7E2 /* Threads_Clone */,
			);
		};
/* End PBXProject section */

/* Begin PBXResourcesBuildPhase section */
		6791BECA2B9B9373003AC7E2 /* Resources */ = {
			isa = PBXResourcesBuildPhase;
			buildActionMask = 2147483647;
			files = (
				6791BED72B9B9374003AC7E2 /* Preview Assets.xcassets in Resources */,
				6791BED42B9B9374003AC7E2 /* Assets.xcassets in Resources */,
				6791BF102B9C8D09003AC7E2 /* GoogleService-Info.plist in Resources */,
			);
			runOnlyForDeploymentPostprocessing = 0;
		};
/* End PBXResourcesBuildPhase section */

/* Begin PBXSourcesBuildPhase section */
		6791BEC82B9B9373003AC7E2 /* Sources */ = {
			isa = PBXSourcesBuildPhase;
			buildActionMask = 2147483647;
			files = (
				6791BEFE2B9C53E5003AC7E2 /* ActivityView.swift in Sources */,
				6791BF4A2B9CC407003AC7E2 /* RegistrationViewModel.swift in Sources */,
				6791BF0E2B9C8060003AC7E2 /* EditProfileView.swift in Sources */,
				6791BF032B9C557D003AC7E2 /* FeedCell.swift in Sources */,
				6791BF512B9DAE48003AC7E2 /* ContentViewModel.swift in Sources */,
				6791BEF52B9C53A9003AC7E2 /* FeedView.swift in Sources */,
				6791BF0A2B9C7882003AC7E2 /* ProfileThreadFilter.swift in Sources */,
				6791BF572B9DEBD1003AC7E2 /* UserService.swift in Sources */,
				6791BF4D2B9CC4EE003AC7E2 /* AuthService.swift in Sources */,
				6791BEEF2B9C4DED003AC7E2 /* ThreadsButtonModifier.swift in Sources */,
				6791BF082B9C7752003AC7E2 /* CircularProfileImageView.swift in Sources */,
				6791BF552B9DE716003AC7E2 /* User.swift in Sources */,
				6791BEE82B9B9420003AC7E2 /* LoginView.swift in Sources */,
				6791BF012B9C5409003AC7E2 /* ProfileView.swift in Sources */,
				6791BF062B9C75C5003AC7E2 /* UserCell.swift in Sources */,
				6791BEF82B9C53C2003AC7E2 /* CreateThreadView.swift in Sources */,
				6791BEFB2B9C53D3003AC7E2 /* ExploreView.swift in Sources */,
				6791BED22B9B9373003AC7E2 /* ContentView.swift in Sources */,
				6791BEED2B9C4CED003AC7E2 /* ThreadsTextFieldModifier.swift in Sources */,
				6791BEF22B9C5221003AC7E2 /* ThreadsTabView.swift in Sources */,
				6791BED02B9B9373003AC7E2 /* Threads_CloneApp.swift in Sources */,
				6791BEEA2B9C4974003AC7E2 /* RegistrationView.swift in Sources */,
				6791BF5A2B9DED53003AC7E2 /* ProfileViewModel.swift in Sources */,
				6791BF532B9DE079003AC7E2 /* LoginViewModel.swift in Sources */,
			);
			runOnlyForDeploymentPostprocessing = 0;
		};
/* End PBXSourcesBuildPhase section */

/* Begin XCBuildConfiguration section */
		6791BED82B9B9374003AC7E2 /* Debug */ = {
			isa = XCBuildConfiguration;
			buildSettings = {
				ALWAYS_SEARCH_USER_PATHS = NO;
				ASSETCATALOG_COMPILER_GENERATE_SWIFT_ASSET_SYMBOL_EXTENSIONS = YES;
				CLANG_ANALYZER_NONNULL = YES;
				CLANG_ANALYZER_NUMBER_OBJECT_CONVERSION = YES_AGGRESSIVE;
				CLANG_CXX_LANGUAGE_STANDARD = "gnu++20";
				CLANG_ENABLE_MODULES = YES;
				CLANG_ENABLE_OBJC_ARC = YES;
				CLANG_ENABLE_OBJC_WEAK = YES;
				CLANG_WARN_BLOCK_CAPTURE_AUTORELEASING = YES;
				CLANG_WARN_BOOL_CONVERSION = YES;
				CLANG_WARN_COMMA = YES;
				CLANG_WARN_CONSTANT_CONVERSION = YES;
				CLANG_WARN_DEPRECATED_OBJC_IMPLEMENTATIONS = YES;
				CLANG_WARN_DIRECT_OBJC_ISA_USAGE = YES_ERROR;
				CLANG_WARN_DOCUMENTATION_COMMENTS = YES;
				CLANG_WARN_EMPTY_BODY = YES;
				CLANG_WARN_ENUM_CONVERSION = YES;
				CLANG_WARN_INFINITE_RECURSION = YES;
				CLANG_WARN_INT_CONVERSION = YES;
				CLANG_WARN_NON_LITERAL_NULL_CONVERSION = YES;
				CLANG_WARN_OBJC_IMPLICIT_RETAIN_SELF = YES;
				CLANG_WARN_OBJC_LITERAL_CONVERSION = YES;
				CLANG_WARN_OBJC_ROOT_CLASS = YES_ERROR;
				CLANG_WARN_QUOTED_INCLUDE_IN_FRAMEWORK_HEADER = YES;
				CLANG_WARN_RANGE_LOOP_ANALYSIS = YES;
				CLANG_WARN_STRICT_PROTOTYPES = YES;
				CLANG_WARN_SUSPICIOUS_MOVE = YES;
				CLANG_WARN_UNGUARDED_AVAILABILITY = YES_AGGRESSIVE;
				CLANG_WARN_UNREACHABLE_CODE = YES;
				CLANG_WARN__DUPLICATE_METHOD_MATCH = YES;
				COPY_PHASE_STRIP = NO;
				DEBUG_INFORMATION_FORMAT = dwarf;
				ENABLE_STRICT_OBJC_MSGSEND = YES;
				ENABLE_TESTABILITY = YES;
				ENABLE_USER_SCRIPT_SANDBOXING = YES;
				GCC_C_LANGUAGE_STANDARD = gnu17;
				GCC_DYNAMIC_NO_PIC = NO;
				GCC_NO_COMMON_BLOCKS = YES;
				GCC_OPTIMIZATION_LEVEL = 0;
				GCC_PREPROCESSOR_DEFINITIONS = (
					"DEBUG=1",
					"$(inherited)",
				);
				GCC_WARN_64_TO_32_BIT_CONVERSION = YES;
				GCC_WARN_ABOUT_RETURN_TYPE = YES_ERROR;
				GCC_WARN_UNDECLARED_SELECTOR = YES;
				GCC_WARN_UNINITIALIZED_AUTOS = YES_AGGRESSIVE;
				GCC_WARN_UNUSED_FUNCTION = YES;
				GCC_WARN_UNUSED_VARIABLE = YES;
				IPHONEOS_DEPLOYMENT_TARGET = 17.2;
				LOCALIZATION_PREFERS_STRING_CATALOGS = YES;
				MTL_ENABLE_DEBUG_INFO = INCLUDE_SOURCE;
				MTL_FAST_MATH = YES;
				ONLY_ACTIVE_ARCH = YES;
				SDKROOT = iphoneos;
				SWIFT_ACTIVE_COMPILATION_CONDITIONS = "DEBUG $(inherited)";
				SWIFT_OPTIMIZATION_LEVEL = "-Onone";
			};
			name = Debug;
		};
		6791BED92B9B9374003AC7E2 /* Release */ = {
			isa = XCBuildConfiguration;
			buildSettings = {
				ALWAYS_SEARCH_USER_PATHS = NO;
				ASSETCATALOG_COMPILER_GENERATE_SWIFT_ASSET_SYMBOL_EXTENSIONS = YES;
				CLANG_ANALYZER_NONNULL = YES;
				CLANG_ANALYZER_NUMBER_OBJECT_CONVERSION = YES_AGGRESSIVE;
				CLANG_CXX_LANGUAGE_STANDARD = "gnu++20";
				CLANG_ENABLE_MODULES = YES;
				CLANG_ENABLE_OBJC_ARC = YES;
				CLANG_ENABLE_OBJC_WEAK = YES;
				CLANG_WARN_BLOCK_CAPTURE_AUTORELEASING = YES;
				CLANG_WARN_BOOL_CONVERSION = YES;
				CLANG_WARN_COMMA = YES;
				CLANG_WARN_CONSTANT_CONVERSION = YES;
				CLANG_WARN_DEPRECATED_OBJC_IMPLEMENTATIONS = YES;
				CLANG_WARN_DIRECT_OBJC_ISA_USAGE = YES_ERROR;
				CLANG_WARN_DOCUMENTATION_COMMENTS = YES;
				CLANG_WARN_EMPTY_BODY = YES;
				CLANG_WARN_ENUM_CONVERSION = YES;
				CLANG_WARN_INFINITE_RECURSION = YES;
				CLANG_WARN_INT_CONVERSION = YES;
				CLANG_WARN_NON_LITERAL_NULL_CONVERSION = YES;
				CLANG_WARN_OBJC_IMPLICIT_RETAIN_SELF = YES;
				CLANG_WARN_OBJC_LITERAL_CONVERSION = YES;
				CLANG_WARN_OBJC_ROOT_CLASS = YES_ERROR;
				CLANG_WARN_QUOTED_INCLUDE_IN_FRAMEWORK_HEADER = YES;
				CLANG_WARN_RANGE_LOOP_ANALYSIS = YES;
				CLANG_WARN_STRICT_PROTOTYPES = YES;
				CLANG_WARN_SUSPICIOUS_MOVE = YES;
				CLANG_WARN_UNGUARDED_AVAILABILITY = YES_AGGRESSIVE;
				CLANG_WARN_UNREACHABLE_CODE = YES;
				CLANG_WARN__DUPLICATE_METHOD_MATCH = YES;
				COPY_PHASE_STRIP = NO;
				DEBUG_INFORMATION_FORMAT = "dwarf-with-dsym";
				ENABLE_NS_ASSERTIONS = NO;
				ENABLE_STRICT_OBJC_MSGSEND = YES;
				ENABLE_USER_SCRIPT_SANDBOXING = YES;
				GCC_C_LANGUAGE_STANDARD = gnu17;
				GCC_NO_COMMON_BLOCKS = YES;
				GCC_WARN_64_TO_32_BIT_CONVERSION = YES;
				GCC_WARN_ABOUT_RETURN_TYPE = YES_ERROR;
				GCC_WARN_UNDECLARED_SELECTOR = YES;
				GCC_WARN_UNINITIALIZED_AUTOS = YES_AGGRESSIVE;
				GCC_WARN_UNUSED_FUNCTION = YES;
				GCC_WARN_UNUSED_VARIABLE = YES;
				IPHONEOS_DEPLOYMENT_TARGET = 17.2;
				LOCALIZATION_PREFERS_STRING_CATALOGS = YES;
				MTL_ENABLE_DEBUG_INFO = NO;
				MTL_FAST_MATH = YES;
				SDKROOT = iphoneos;
				SWIFT_COMPILATION_MODE = wholemodule;
				VALIDATE_PRODUCT = YES;
			};
			name = Release;
		};
		6791BEDB2B9B9374003AC7E2 /* Debug */ = {
			isa = XCBuildConfiguration;
			buildSettings = {
				ASSETCATALOG_COMPILER_APPICON_NAME = AppIcon;
				ASSETCATALOG_COMPILER_GLOBAL_ACCENT_COLOR_NAME = AccentColor;
				CODE_SIGN_STYLE = Automatic;
				CURRENT_PROJECT_VERSION = 1;
				DEVELOPMENT_ASSET_PATHS = "\"Threads_Clone/Preview Content\"";
				DEVELOPMENT_TEAM = 9LCC49V7VY;
				ENABLE_PREVIEWS = YES;
				GENERATE_INFOPLIST_FILE = YES;
				INFOPLIST_KEY_UIApplicationSceneManifest_Generation = YES;
				INFOPLIST_KEY_UIApplicationSupportsIndirectInputEvents = YES;
				INFOPLIST_KEY_UILaunchScreen_Generation = YES;
				INFOPLIST_KEY_UISupportedInterfaceOrientations_iPad = "UIInterfaceOrientationPortrait UIInterfaceOrientationPortraitUpsideDown UIInterfaceOrientationLandscapeLeft UIInterfaceOrientationLandscapeRight";
				INFOPLIST_KEY_UISupportedInterfaceOrientations_iPhone = "UIInterfaceOrientationPortrait UIInterfaceOrientationLandscapeLeft UIInterfaceOrientationLandscapeRight";
				LD_RUNPATH_SEARCH_PATHS = (
					"$(inherited)",
					"@executable_path/Frameworks",
				);
				MARKETING_VERSION = 1.0;
				PRODUCT_BUNDLE_IDENTIFIER = "co.amanG.Threads-Clone";
				PRODUCT_NAME = "$(TARGET_NAME)";
				SWIFT_EMIT_LOC_STRINGS = YES;
				SWIFT_VERSION = 5.0;
				TARGETED_DEVICE_FAMILY = "1,2";
			};
			name = Debug;
		};
		6791BEDC2B9B9374003AC7E2 /* Release */ = {
			isa = XCBuildConfiguration;
			buildSettings = {
				ASSETCATALOG_COMPILER_APPICON_NAME = AppIcon;
				ASSETCATALOG_COMPILER_GLOBAL_ACCENT_COLOR_NAME = AccentColor;
				CODE_SIGN_STYLE = Automatic;
				CURRENT_PROJECT_VERSION = 1;
				DEVELOPMENT_ASSET_PATHS = "\"Threads_Clone/Preview Content\"";
				DEVELOPMENT_TEAM = 9LCC49V7VY;
				ENABLE_PREVIEWS = YES;
				GENERATE_INFOPLIST_FILE = YES;
				INFOPLIST_KEY_UIApplicationSceneManifest_Generation = YES;
				INFOPLIST_KEY_UIApplicationSupportsIndirectInputEvents = YES;
				INFOPLIST_KEY_UILaunchScreen_Generation = YES;
				INFOPLIST_KEY_UISupportedInterfaceOrientations_iPad = "UIInterfaceOrientationPortrait UIInterfaceOrientationPortraitUpsideDown UIInterfaceOrientationLandscapeLeft UIInterfaceOrientationLandscapeRight";
				INFOPLIST_KEY_UISupportedInterfaceOrientations_iPhone = "UIInterfaceOrientationPortrait UIInterfaceOrientationLandscapeLeft UIInterfaceOrientationLandscapeRight";
				LD_RUNPATH_SEARCH_PATHS = (
					"$(inherited)",
					"@executable_path/Frameworks",
				);
				MARKETING_VERSION = 1.0;
				PRODUCT_BUNDLE_IDENTIFIER = "co.amanG.Threads-Clone";
				PRODUCT_NAME = "$(TARGET_NAME)";
				SWIFT_EMIT_LOC_STRINGS = YES;
				SWIFT_VERSION = 5.0;
				TARGETED_DEVICE_FAMILY = "1,2";
			};
			name = Release;
		};
/* End XCBuildConfiguration section */

/* Begin XCConfigurationList section */
		6791BEC72B9B9373003AC7E2 /* Build configuration list for PBXProject "Threads_Clone" */ = {
			isa = XCConfigurationList;
			buildConfigurations = (
				6791BED82B9B9374003AC7E2 /* Debug */,
				6791BED92B9B9374003AC7E2 /* Release */,
			);
			defaultConfigurationIsVisible = 0;
			defaultConfigurationName = Release;
		};
		6791BEDA2B9B9374003AC7E2 /* Build configuration list for PBXNativeTarget "Threads_Clone" */ = {
			isa = XCConfigurationList;
			buildConfigurations = (
				6791BEDB2B9B9374003AC7E2 /* Debug */,
				6791BEDC2B9B9374003AC7E2 /* Release */,
			);
			defaultConfigurationIsVisible = 0;
			defaultConfigurationName = Release;
		};
/* End XCConfigurationList section */

/* Begin XCRemoteSwiftPackageReference section */
		6791BF132B9C8E64003AC7E2 /* XCRemoteSwiftPackageReference "firebase-ios-sdk" */ = {
			isa = XCRemoteSwiftPackageReference;
			repositoryURL = "https://github.com/firebase/firebase-ios-sdk";
			requirement = {
				kind = upToNextMajorVersion;
				minimumVersion = 10.22.1;
			};
		};
/* End XCRemoteSwiftPackageReference section */

/* Begin XCSwiftPackageProductDependency section */
		6791BF1C2B9C8E64003AC7E2 /* FirebaseAppCheck */ = {
			isa = XCSwiftPackageProductDependency;
			package = 6791BF132B9C8E64003AC7E2 /* XCRemoteSwiftPackageReference "firebase-ios-sdk" */;
			productName = FirebaseAppCheck;
		};
		6791BF202B9C8E64003AC7E2 /* FirebaseAuth */ = {
			isa = XCSwiftPackageProductDependency;
			package = 6791BF132B9C8E64003AC7E2 /* XCRemoteSwiftPackageReference "firebase-ios-sdk" */;
			productName = FirebaseAuth;
		};
		6791BF262B9C8E64003AC7E2 /* FirebaseDatabase */ = {
			isa = XCSwiftPackageProductDependency;
			package = 6791BF132B9C8E64003AC7E2 /* XCRemoteSwiftPackageReference "firebase-ios-sdk" */;
			productName = FirebaseDatabase;
		};
		6791BF282B9C8E64003AC7E2 /* FirebaseDatabaseSwift */ = {
			isa = XCSwiftPackageProductDependency;
			package = 6791BF132B9C8E64003AC7E2 /* XCRemoteSwiftPackageReference "firebase-ios-sdk" */;
			productName = FirebaseDatabaseSwift;
		};
		6791BF2C2B9C8E64003AC7E2 /* FirebaseFirestore */ = {
			isa = XCSwiftPackageProductDependency;
			package = 6791BF132B9C8E64003AC7E2 /* XCRemoteSwiftPackageReference "firebase-ios-sdk" */;
			productName = FirebaseFirestore;
		};
		6791BF2E2B9C8E64003AC7E2 /* FirebaseFirestoreSwift */ = {
			isa = XCSwiftPackageProductDependency;
			package = 6791BF132B9C8E64003AC7E2 /* XCRemoteSwiftPackageReference "firebase-ios-sdk" */;
			productName = FirebaseFirestoreSwift;
		};
		6791BF302B9C8E64003AC7E2 /* FirebaseFunctions */ = {
			isa = XCSwiftPackageProductDependency;
			package = 6791BF132B9C8E64003AC7E2 /* XCRemoteSwiftPackageReference "firebase-ios-sdk" */;
			productName = FirebaseFunctions;
		};
		6791BF442B9C8E64003AC7E2 /* FirebaseStorage */ = {
			isa = XCSwiftPackageProductDependency;
			package = 6791BF132B9C8E64003AC7E2 /* XCRemoteSwiftPackageReference "firebase-ios-sdk" */;
			productName = FirebaseStorage;
		};
/* End XCSwiftPackageProductDependency section */
	};
	rootObject = 6791BEC42B9B9373003AC7E2 /* Project object */;
}
